
Microsoft Visual Studio Solution File, Format Version 12.00
# Visual Studio 15
VisualStudioVersion = 15.0.28010.2026
MinimumVisualStudioVersion = 10.0.40219.1
Project("{FAE04EC0-301F-11D3-BF4B-00C04F79EFBC}") = "TrabalhoPW", "TrabalhoPW\TrabalhoPW.csproj", "{DD025B27-C234-43D8-94EF-E75F8B3FE980}"
EndProject
Global
	GlobalSection(SolutionConfigurationPlatforms) = preSolution
		Debug|Any CPU = Debug|Any CPU
		Release|Any CPU = Release|Any CPU
	EndGlobalSection
	GlobalSection(ProjectConfigurationPlatforms) = postSolution
		{DD025B27-C234-43D8-94EF-E75F8B3FE980}.Debug|Any CPU.ActiveCfg = Debug|Any CPU
		{DD025B27-C234-43D8-94EF-E75F8B3FE980}.Debug|Any CPU.Build.0 = Debug|Any CPU
		{DD025B27-C234-43D8-94EF-E75F8B3FE980}.Release|Any CPU.ActiveCfg = Release|Any CPU
		{DD025B27-C234-43D8-94EF-E75F8B3FE980}.Release|Any CPU.Build.0 = Release|Any CPU
	EndGlobalSection
	GlobalSection(SolutionProperties) = preSolution
		HideSolutionNode = FALSE
	EndGlobalSection
	GlobalSection(ExtensibilityGlobals) = postSolution
		SolutionGuid = {4504143F-CE5C-4E06-8243-4D54AB7D9B56}
	EndGlobalSection
EndGlobal
